
Microsoft Visual Studio Solution File, Format Version 12.00
# Visual Studio Version 16
VisualStudioVersion = 16.0.30114.105
MinimumVisualStudioVersion = 10.0.40219.1
Project("{FAE04EC0-301F-11D3-BF4B-00C04F79EFBC}") = "API", "API\API.csproj", "{4E186B25-5E64-414D-862C-E48E098B68A3}"
EndProject
Project("{FAE04EC0-301F-11D3-BF4B-00C04F79EFBC}") = "Domain", "Domain\Domain.csproj", "{C91ADA28-2816-4D47-AB30-C72E1E6E275F}"
EndProject
Project("{FAE04EC0-301F-11D3-BF4B-00C04F79EFBC}") = "Application", "Application\Application.csproj", "{11B623D1-B5A7-436F-B104-B028EF082A37}"
EndProject
Project("{FAE04EC0-301F-11D3-BF4B-00C04F79EFBC}") = "Persistence", "Persistence\Persistence.csproj", "{EE1BDD8E-C1A2-4F71-946C-615D89AC5C09}"
EndProject
Global
	GlobalSection(SolutionConfigurationPlatforms) = preSolution
		Debug|Any CPU = Debug|Any CPU
		Debug|x64 = Debug|x64
		Debug|x86 = Debug|x86
		Release|Any CPU = Release|Any CPU
		Release|x64 = Release|x64
		Release|x86 = Release|x86
	EndGlobalSection
	GlobalSection(SolutionProperties) = preSolution
		HideSolutionNode = FALSE
	EndGlobalSection
	GlobalSection(ProjectConfigurationPlatforms) = postSolution
		{4E186B25-5E64-414D-862C-E48E098B68A3}.Debug|Any CPU.ActiveCfg = Debug|Any CPU
		{4E186B25-5E64-414D-862C-E48E098B68A3}.Debug|Any CPU.Build.0 = Debug|Any CPU
		{4E186B25-5E64-414D-862C-E48E098B68A3}.Debug|x64.ActiveCfg = Debug|Any CPU
		{4E186B25-5E64-414D-862C-E48E098B68A3}.Debug|x64.Build.0 = Debug|Any CPU
		{4E186B25-5E64-414D-862C-E48E098B68A3}.Debug|x86.ActiveCfg = Debug|Any CPU
		{4E186B25-5E64-414D-862C-E48E098B68A3}.Debug|x86.Build.0 = Debug|Any CPU
		{4E186B25-5E64-414D-862C-E48E098B68A3}.Release|Any CPU.ActiveCfg = Release|Any CPU
		{4E186B25-5E64-414D-862C-E48E098B68A3}.Release|Any CPU.Build.0 = Release|Any CPU
		{4E186B25-5E64-414D-862C-E48E098B68A3}.Release|x64.ActiveCfg = Release|Any CPU
		{4E186B25-5E64-414D-862C-E48E098B68A3}.Release|x64.Build.0 = Release|Any CPU
		{4E186B25-5E64-414D-862C-E48E098B68A3}.Release|x86.ActiveCfg = Release|Any CPU
		{4E186B25-5E64-414D-862C-E48E098B68A3}.Release|x86.Build.0 = Release|Any CPU
		{C91ADA28-2816-4D47-AB30-C72E1E6E275F}.Debug|Any CPU.ActiveCfg = Debug|Any CPU
		{C91ADA28-2816-4D47-AB30-C72E1E6E275F}.Debug|Any CPU.Build.0 = Debug|Any CPU
		{C91ADA28-2816-4D47-AB30-C72E1E6E275F}.Debug|x64.ActiveCfg = Debug|Any CPU
		{C91ADA28-2816-4D47-AB30-C72E1E6E275F}.Debug|x64.Build.0 = Debug|Any CPU
		{C91ADA28-2816-4D47-AB30-C72E1E6E275F}.Debug|x86.ActiveCfg = Debug|Any CPU
		{C91ADA28-2816-4D47-AB30-C72E1E6E275F}.Debug|x86.Build.0 = Debug|Any CPU
		{C91ADA28-2816-4D47-AB30-C72E1E6E275F}.Release|Any CPU.ActiveCfg = Release|Any CPU
		{C91ADA28-2816-4D47-AB30-C72E1E6E275F}.Release|Any CPU.Build.0 = Release|Any CPU
		{C91ADA28-2816-4D47-AB30-C72E1E6E275F}.Release|x64.ActiveCfg = Release|Any CPU
		{C91ADA28-2816-4D47-AB30-C72E1E6E275F}.Release|x64.Build.0 = Release|Any CPU
		{C91ADA28-2816-4D47-AB30-C72E1E6E275F}.Release|x86.ActiveCfg = Release|Any CPU
		{C91ADA28-2816-4D47-AB30-C72E1E6E275F}.Release|x86.Build.0 = Release|Any CPU
		{11B623D1-B5A7-436F-B104-B028EF082A37}.Debug|Any CPU.ActiveCfg = Debug|Any CPU
		{11B623D1-B5A7-436F-B104-B028EF082A37}.Debug|Any CPU.Build.0 = Debug|Any CPU
		{11B623D1-B5A7-436F-B104-B028EF082A37}.Debug|x64.ActiveCfg = Debug|Any CPU
		{11B623D1-B5A7-436F-B104-B028EF082A37}.Debug|x64.Build.0 = Debug|Any CPU
		{11B623D1-B5A7-436F-B104-B028EF082A37}.Debug|x86.ActiveCfg = Debug|Any CPU
		{11B623D1-B5A7-436F-B104-B028EF082A37}.Debug|x86.Build.0 = Debug|Any CPU
		{11B623D1-B5A7-436F-B104-B028EF082A37}.Release|Any CPU.ActiveCfg = Release|Any CPU
		{11B623D1-B5A7-436F-B104-B028EF082A37}.Release|Any CPU.Build.0 = Release|Any CPU
		{11B623D1-B5A7-436F-B104-B028EF082A37}.Release|x64.ActiveCfg = Release|Any CPU
		{11B623D1-B5A7-436F-B104-B028EF082A37}.Release|x64.Build.0 = Release|Any CPU
		{11B623D1-B5A7-436F-B104-B028EF082A37}.Release|x86.ActiveCfg = Release|Any CPU
		{11B623D1-B5A7-436F-B104-B028EF082A37}.Release|x86.Build.0 = Release|Any CPU
		{EE1BDD8E-C1A2-4F71-946C-615D89AC5C09}.Debug|Any CPU.ActiveCfg = Debug|Any CPU
		{EE1BDD8E-C1A2-4F71-946C-615D89AC5C09}.Debug|Any CPU.Build.0 = Debug|Any CPU
		{EE1BDD8E-C1A2-4F71-946C-615D89AC5C09}.Debug|x64.ActiveCfg = Debug|Any CPU
		{EE1BDD8E-C1A2-4F71-946C-615D89AC5C09}.Debug|x64.Build.0 = Debug|Any CPU
		{EE1BDD8E-C1A2-4F71-946C-615D89AC5C09}.Debug|x86.ActiveCfg = Debug|Any CPU
		{EE1BDD8E-C1A2-4F71-946C-615D89AC5C09}.Debug|x86.Build.0 = Debug|Any CPU
		{EE1BDD8E-C1A2-4F71-946C-615D89AC5C09}.Release|Any CPU.ActiveCfg = Release|Any CPU
		{EE1BDD8E-C1A2-4F71-946C-615D89AC5C09}.Release|Any CPU.Build.0 = Release|Any CPU
		{EE1BDD8E-C1A2-4F71-946C-615D89AC5C09}.Release|x64.ActiveCfg = Release|Any CPU
		{EE1BDD8E-C1A2-4F71-946C-615D89AC5C09}.Release|x64.Build.0 = Release|Any CPU
		{EE1BDD8E-C1A2-4F71-946C-615D89AC5C09}.Release|x86.ActiveCfg = Release|Any CPU
		{EE1BDD8E-C1A2-4F71-946C-615D89AC5C09}.Release|x86.Build.0 = Release|Any CPU
	EndGlobalSection
EndGlobal
